
Microsoft Visual Studio Solution File, Format Version 12.00
# Visual Studio Version 17
VisualStudioVersion = 17.14.36623.8 d17.14
MinimumVisualStudioVersion = 10.0.40219.1
Project("{FAE04EC0-301F-11D3-BF4B-00C04F79EFBC}") = "Dev1proj", "Dev1proj\Dev1proj.csproj", "{D864B67F-9E6B-4F7E-9AF0-CE99132DEF11}"
EndProject
Global
	GlobalSection(SolutionConfigurationPlatforms) = preSolution
		Debug|Any CPU = Debug|Any CPU
		Release|Any CPU = Release|Any CPU
	EndGlobalSection
	GlobalSection(ProjectConfigurationPlatforms) = postSolution
		{D864B67F-9E6B-4F7E-9AF0-CE99132DEF11}.Debug|Any CPU.ActiveCfg = Debug|Any CPU
		{D864B67F-9E6B-4F7E-9AF0-CE99132DEF11}.Debug|Any CPU.Build.0 = Debug|Any CPU
		{D864B67F-9E6B-4F7E-9AF0-CE99132DEF11}.Release|Any CPU.ActiveCfg = Release|Any CPU
		{D864B67F-9E6B-4F7E-9AF0-CE99132DEF11}.Release|Any CPU.Build.0 = Release|Any CPU
	EndGlobalSection
	GlobalSection(SolutionProperties) = preSolution
		HideSolutionNode = FALSE
	EndGlobalSection
	GlobalSection(ExtensibilityGlobals) = postSolution
		SolutionGuid = {BCD1A74D-0B22-4577-A95C-21B4269E222D}
	EndGlobalSection
EndGlobal
